// !$*UTF8*$!
{
	archiveVersion = 1;
	classes = {
	};
	objectVersion = 51;
	objects = {

/* Begin PBXBuildFile section */
		5E74AA272354BC6961B0645C /* Pods_SlevomatCS.framework in Frameworks */ = {isa = PBXBuildFile; fileRef = 3D3DA6C091619985998B3A43 /* Pods_SlevomatCS.framework */; };
		931AD152AA0F5D77700406EA /* FeedJson.swift in Sources */ = {isa = PBXBuildFile; fileRef = 931ADC49EB55510AE27B511B /* FeedJson.swift */; };
		931AD35D59CA33562FCD0530 /* MainScreenInteractor.swift in Sources */ = {isa = PBXBuildFile; fileRef = 931AD59A2D33CB213515D152 /* MainScreenInteractor.swift */; };
		931AD373A3C059C271578B24 /* MainScreenView.swift in Sources */ = {isa = PBXBuildFile; fileRef = 931AD9B5741DD6E59D2F4CF4 /* MainScreenView.swift */; };
		931AD3FBC3556700EFE22229 /* LocalDb+Migrations.swift in Sources */ = {isa = PBXBuildFile; fileRef = 931AD432F47D0F698EC93FE7 /* LocalDb+Migrations.swift */; };
		931AD54E7ED3A5A8461CD810 /* Assets.xcassets in Resources */ = {isa = PBXBuildFile; fileRef = 931AD16D7991F72BA54E70C1 /* Assets.xcassets */; };
		931AD675C6A359E4FDCAA891 /* MainScreenView+TableSource.swift in Sources */ = {isa = PBXBuildFile; fileRef = 931AD962EDF71674CDFDC59C /* MainScreenView+TableSource.swift */; };
		931AD6B2BAC1C967605035CC /* String+Log.swift in Sources */ = {isa = PBXBuildFile; fileRef = 931AD7CFBE4F96AD734A534C /* String+Log.swift */; };
		931AD77EF47429D06A5FE5A2 /* MainScreenView+Notifiy.swift in Sources */ = {isa = PBXBuildFile; fileRef = 931AD7B5D0678E1AE74CCE9B /* MainScreenView+Notifiy.swift */; };
		931AD85FBE0DD95B548F0C23 /* MainScreenView+TableDelegate.swift in Sources */ = {isa = PBXBuildFile; fileRef = 931AD0A6FC75DF3036F322DD /* MainScreenView+TableDelegate.swift */; };
		931AD8EE65CE4AED07A8EF94 /* UIScreen+Rounding.swift in Sources */ = {isa = PBXBuildFile; fileRef = 931ADF118EC0B283BF8C290D /* UIScreen+Rounding.swift */; };
		931AD9CADABB0DD934F46284 /* LoaderInteractor.swift in Sources */ = {isa = PBXBuildFile; fileRef = 931AD02D5A399FC2412CE32B /* LoaderInteractor.swift */; };
		931AD9CDA8FD78BDF88133E6 /* UIImage+Resize.swift in Sources */ = {isa = PBXBuildFile; fileRef = 931AD7C2E7BEB1461BFB0EA3 /* UIImage+Resize.swift */; };
		931ADA77F902AAECD740C3A3 /* Article.swift in Sources */ = {isa = PBXBuildFile; fileRef = 931AD4ACAA1819CF6371612D /* Article.swift */; };
		931ADC1262FE266FD4459C99 /* MainScreenPresenter.swift in Sources */ = {isa = PBXBuildFile; fileRef = 931ADF4ABC527D518A245742 /* MainScreenPresenter.swift */; };
		931ADD1C9832E8089B28998A /* MainScreenRouter.swift in Sources */ = {isa = PBXBuildFile; fileRef = 931AD636E47F24D9228DF264 /* MainScreenRouter.swift */; };
		931ADD9501BBFF2F77F69ABC /* RoundingHelper.swift in Sources */ = {isa = PBXBuildFile; fileRef = 931ADF82966A6A35B141F40C /* RoundingHelper.swift */; };
		931ADED7EE37231554676EAF /* AppDelegate.swift in Sources */ = {isa = PBXBuildFile; fileRef = 931AD02BC299A9EFE73E24D4 /* AppDelegate.swift */; };
		931ADF341678AE424C43F721 /* LocalDb.swift in Sources */ = {isa = PBXBuildFile; fileRef = 931AD8D8674EDE9868E8BD63 /* LocalDb.swift */; };
		931ADFDD24FDFAAD9F190791 /* LaunchScreen.storyboard in Resources */ = {isa = PBXBuildFile; fileRef = 931AD4D33563A966FD9F1822 /* LaunchScreen.storyboard */; };
/* End PBXBuildFile section */

/* Begin PBXFileReference section */
		3D3DA6C091619985998B3A43 /* Pods_SlevomatCS.framework */ = {isa = PBXFileReference; explicitFileType = wrapper.framework; includeInIndex = 0; path = Pods_SlevomatCS.framework; sourceTree = BUILT_PRODUCTS_DIR; };
		41A54A344A27F1AA1AF2939B /* Pods-SlevomatCS.release.xcconfig */ = {isa = PBXFileReference; includeInIndex = 1; lastKnownFileType = text.xcconfig; name = "Pods-SlevomatCS.release.xcconfig"; path = "Target Support Files/Pods-SlevomatCS/Pods-SlevomatCS.release.xcconfig"; sourceTree = "<group>"; };
		5A9F9C9A41567B2060AA8B45 /* Pods-SlevomatCS.debug.xcconfig */ = {isa = PBXFileReference; includeInIndex = 1; lastKnownFileType = text.xcconfig; name = "Pods-SlevomatCS.debug.xcconfig"; path = "Target Support Files/Pods-SlevomatCS/Pods-SlevomatCS.debug.xcconfig"; sourceTree = "<group>"; };
		931AD02BC299A9EFE73E24D4 /* AppDelegate.swift */ = {isa = PBXFileReference; lastKnownFileType = sourcecode.swift; path = AppDelegate.swift; sourceTree = "<group>"; };
		931AD02D5A399FC2412CE32B /* LoaderInteractor.swift */ = {isa = PBXFileReference; fileEncoding = 4; lastKnownFileType = sourcecode.swift; path = LoaderInteractor.swift; sourceTree = "<group>"; };
		931AD0A6FC75DF3036F322DD /* MainScreenView+TableDelegate.swift */ = {isa = PBXFileReference; fileEncoding = 4; lastKnownFileType = sourcecode.swift; path = "MainScreenView+TableDelegate.swift"; sourceTree = "<group>"; };
		931AD16D7991F72BA54E70C1 /* Assets.xcassets */ = {isa = PBXFileReference; lastKnownFileType = folder.assetcatalog; path = Assets.xcassets; sourceTree = "<group>"; };
		931AD288C4419BE2F43393E1 /* Base */ = {isa = PBXFileReference; lastKnownFileType = file.storyboard; name = Base; path = Base.lproj/LaunchScreen.storyboard; sourceTree = "<group>"; };
		931AD432F47D0F698EC93FE7 /* LocalDb+Migrations.swift */ = {isa = PBXFileReference; fileEncoding = 4; lastKnownFileType = sourcecode.swift; path = "LocalDb+Migrations.swift"; sourceTree = "<group>"; };
		931AD4ACAA1819CF6371612D /* Article.swift */ = {isa = PBXFileReference; fileEncoding = 4; lastKnownFileType = sourcecode.swift; path = Article.swift; sourceTree = "<group>"; };
		931AD59A2D33CB213515D152 /* MainScreenInteractor.swift */ = {isa = PBXFileReference; fileEncoding = 4; lastKnownFileType = sourcecode.swift; path = MainScreenInteractor.swift; sourceTree = "<group>"; };
		931AD636E47F24D9228DF264 /* MainScreenRouter.swift */ = {isa = PBXFileReference; fileEncoding = 4; lastKnownFileType = sourcecode.swift; path = MainScreenRouter.swift; sourceTree = "<group>"; };
		931AD7B5D0678E1AE74CCE9B /* MainScreenView+Notifiy.swift */ = {isa = PBXFileReference; fileEncoding = 4; lastKnownFileType = sourcecode.swift; path = "MainScreenView+Notifiy.swift"; sourceTree = "<group>"; };
		931AD7C2E7BEB1461BFB0EA3 /* UIImage+Resize.swift */ = {isa = PBXFileReference; fileEncoding = 4; lastKnownFileType = sourcecode.swift; path = "UIImage+Resize.swift"; sourceTree = "<group>"; };
		931AD7CFBE4F96AD734A534C /* String+Log.swift */ = {isa = PBXFileReference; fileEncoding = 4; lastKnownFileType = sourcecode.swift; path = "String+Log.swift"; sourceTree = "<group>"; };
		931AD8D8674EDE9868E8BD63 /* LocalDb.swift */ = {isa = PBXFileReference; fileEncoding = 4; lastKnownFileType = sourcecode.swift; path = LocalDb.swift; sourceTree = "<group>"; };
		931AD962EDF71674CDFDC59C /* MainScreenView+TableSource.swift */ = {isa = PBXFileReference; fileEncoding = 4; lastKnownFileType = sourcecode.swift; path = "MainScreenView+TableSource.swift"; sourceTree = "<group>"; };
		931AD9B5741DD6E59D2F4CF4 /* MainScreenView.swift */ = {isa = PBXFileReference; fileEncoding = 4; lastKnownFileType = sourcecode.swift; path = MainScreenView.swift; sourceTree = "<group>"; };
		931ADAC3B7A49CE384D988F0 /* Info.plist */ = {isa = PBXFileReference; lastKnownFileType = text.plist.info; path = Info.plist; sourceTree = "<group>"; };
		931ADAF509B8B14062F0C446 /* SlevomatCS.app */ = {isa = PBXFileReference; explicitFileType = wrapper.application; includeInIndex = 0; path = SlevomatCS.app; sourceTree = BUILT_PRODUCTS_DIR; };
		931ADC49EB55510AE27B511B /* FeedJson.swift */ = {isa = PBXFileReference; fileEncoding = 4; lastKnownFileType = sourcecode.swift; path = FeedJson.swift; sourceTree = "<group>"; };
		931ADF118EC0B283BF8C290D /* UIScreen+Rounding.swift */ = {isa = PBXFileReference; fileEncoding = 4; lastKnownFileType = sourcecode.swift; path = "UIScreen+Rounding.swift"; sourceTree = "<group>"; };
		931ADF4ABC527D518A245742 /* MainScreenPresenter.swift */ = {isa = PBXFileReference; fileEncoding = 4; lastKnownFileType = sourcecode.swift; path = MainScreenPresenter.swift; sourceTree = "<group>"; };
		931ADF82966A6A35B141F40C /* RoundingHelper.swift */ = {isa = PBXFileReference; fileEncoding = 4; lastKnownFileType = sourcecode.swift; path = RoundingHelper.swift; sourceTree = "<group>"; };
/* End PBXFileReference section */

/* Begin PBXFrameworksBuildPhase section */
		931AD039E50C0A08609E1D0A /* Frameworks */ = {
			isa = PBXFrameworksBuildPhase;
			buildActionMask = 2147483647;
			files = (
				5E74AA272354BC6961B0645C /* Pods_SlevomatCS.framework in Frameworks */,
			);
			runOnlyForDeploymentPostprocessing = 0;
		};
/* End PBXFrameworksBuildPhase section */

/* Begin PBXGroup section */
		44B2E4F25CD8525067D64B47 /* Pods */ = {
			isa = PBXGroup;
			children = (
				5A9F9C9A41567B2060AA8B45 /* Pods-SlevomatCS.debug.xcconfig */,
				41A54A344A27F1AA1AF2939B /* Pods-SlevomatCS.release.xcconfig */,
			);
			name = Pods;
			path = Pods;
			sourceTree = "<group>";
		};
		931AD09A96205D06614F6DC8 /* Loader */ = {
			isa = PBXGroup;
			children = (
				931AD02D5A399FC2412CE32B /* LoaderInteractor.swift */,
			);
			path = Loader;
			sourceTree = "<group>";
		};
		931AD0A7DA1F743C5E389953 /* SlevomatCS */ = {
			isa = PBXGroup;
			children = (
				931ADAC3B7A49CE384D988F0 /* Info.plist */,
				931AD16D7991F72BA54E70C1 /* Assets.xcassets */,
				931AD4D33563A966FD9F1822 /* LaunchScreen.storyboard */,
				931AD02BC299A9EFE73E24D4 /* AppDelegate.swift */,
				931AD5BEC10902A450EAB7D1 /* Model */,
				931AD8A88E1EC1A8A7AA95C0 /* Helpers */,
				931AD09A96205D06614F6DC8 /* Loader */,
				931AD672D8484D076518034E /* MainScreen */,
			);
			path = SlevomatCS;
			sourceTree = "<group>";
		};
		931AD5BEC10902A450EAB7D1 /* Model */ = {
			isa = PBXGroup;
			children = (
				931AD4ACAA1819CF6371612D /* Article.swift */,
				931AD8D8674EDE9868E8BD63 /* LocalDb.swift */,
				931AD432F47D0F698EC93FE7 /* LocalDb+Migrations.swift */,
			);
			path = Model;
			sourceTree = "<group>";
		};
		931AD6126A8163F189767E77 /* Interactor */ = {
			isa = PBXGroup;
			children = (
				931AD59A2D33CB213515D152 /* MainScreenInteractor.swift */,
			);
			path = Interactor;
			sourceTree = "<group>";
		};
		931AD672D8484D076518034E /* MainScreen */ = {
			isa = PBXGroup;
			children = (
				931AD636E47F24D9228DF264 /* MainScreenRouter.swift */,
				931ADBE9313EAE2CDD6138A1 /* View */,
				931ADD6946DE34A7D32F39B4 /* Presenter */,
				931AD6126A8163F189767E77 /* Interactor */,
			);
			path = MainScreen;
			sourceTree = "<group>";
		};
		931AD765BB02064368F830B2 = {
			isa = PBXGroup;
			children = (
				931ADA3CE5B1C4FEA7F9D0D5 /* Products */,
				931AD0A7DA1F743C5E389953 /* SlevomatCS */,
				44B2E4F25CD8525067D64B47 /* Pods */,
				ED52D97972BF54F124450EA0 /* Frameworks */,
			);
			sourceTree = "<group>";
		};
		931AD8A88E1EC1A8A7AA95C0 /* Helpers */ = {
			isa = PBXGroup;
			children = (
				931AD7CFBE4F96AD734A534C /* String+Log.swift */,
				931ADC49EB55510AE27B511B /* FeedJson.swift */,
				931AD7C2E7BEB1461BFB0EA3 /* UIImage+Resize.swift */,
				931ADF82966A6A35B141F40C /* RoundingHelper.swift */,
				931ADF118EC0B283BF8C290D /* UIScreen+Rounding.swift */,
			);
			path = Helpers;
			sourceTree = "<group>";
		};
		931ADA3CE5B1C4FEA7F9D0D5 /* Products */ = {
			isa = PBXGroup;
			children = (
				931ADAF509B8B14062F0C446 /* SlevomatCS.app */,
			);
			name = Products;
			sourceTree = "<group>";
		};
		931ADBE9313EAE2CDD6138A1 /* View */ = {
			isa = PBXGroup;
			children = (
				931AD9B5741DD6E59D2F4CF4 /* MainScreenView.swift */,
				931AD962EDF71674CDFDC59C /* MainScreenView+TableSource.swift */,
				931AD0A6FC75DF3036F322DD /* MainScreenView+TableDelegate.swift */,
				931AD7B5D0678E1AE74CCE9B /* MainScreenView+Notifiy.swift */,
			);
			path = View;
			sourceTree = "<group>";
		};
		931ADD6946DE34A7D32F39B4 /* Presenter */ = {
			isa = PBXGroup;
			children = (
				931ADF4ABC527D518A245742 /* MainScreenPresenter.swift */,
			);
			path = Presenter;
			sourceTree = "<group>";
		};
		ED52D97972BF54F124450EA0 /* Frameworks */ = {
			isa = PBXGroup;
			children = (
				3D3DA6C091619985998B3A43 /* Pods_SlevomatCS.framework */,
			);
			name = Frameworks;
			sourceTree = "<group>";
		};
/* End PBXGroup section */

/* Begin PBXNativeTarget section */
		931AD727131D95C8CE13B269 /* SlevomatCS */ = {
			isa = PBXNativeTarget;
			buildConfigurationList = 931ADEED706AE68C00D520D8 /* Build configuration list for PBXNativeTarget "SlevomatCS" */;
			buildPhases = (
				10FD5EF670BCF3A0F41BD403 /* [CP] Check Pods Manifest.lock */,
				931ADE6381375E0839FC0C55 /* Sources */,
				931AD039E50C0A08609E1D0A /* Frameworks */,
				931AD14F14C8663D0A0E1EDF /* Resources */,
				326904BB95729A006B523938 /* [CP] Embed Pods Frameworks */,
			);
			buildRules = (
			);
			dependencies = (
			);
			name = SlevomatCS;
			productName = SlevomatCS;
			productReference = 931ADAF509B8B14062F0C446 /* SlevomatCS.app */;
			productType = "com.apple.product-type.application";
		};
/* End PBXNativeTarget section */

/* Begin PBXProject section */
		931AD55968537078ACADD204 /* Project object */ = {
			isa = PBXProject;
			attributes = {
				ORGANIZATIONNAME = "Jan Kaše";
				TargetAttributes = {
					931AD727131D95C8CE13B269 = {
						DevelopmentTeam = 8WS8N285FL;
					};
				};
			};
			buildConfigurationList = 931ADE14EE5BDC2CAAD2DAE8 /* Build configuration list for PBXProject "SlevomatCS" */;
			compatibilityVersion = "Xcode 10.0";
			developmentRegion = English;
			hasScannedForEncodings = 0;
			knownRegions = (
				en,
			);
			mainGroup = 931AD765BB02064368F830B2;
			productRefGroup = 931ADA3CE5B1C4FEA7F9D0D5 /* Products */;
			projectDirPath = "";
			projectRoot = "";
			targets = (
				931AD727131D95C8CE13B269 /* SlevomatCS */,
			);
		};
/* End PBXProject section */

/* Begin PBXResourcesBuildPhase section */
		931AD14F14C8663D0A0E1EDF /* Resources */ = {
			isa = PBXResourcesBuildPhase;
			buildActionMask = 2147483647;
			files = (
				931AD54E7ED3A5A8461CD810 /* Assets.xcassets in Resources */,
				931ADFDD24FDFAAD9F190791 /* LaunchScreen.storyboard in Resources */,
			);
			runOnlyForDeploymentPostprocessing = 0;
		};
/* End PBXResourcesBuildPhase section */

/* Begin PBXShellScriptBuildPhase section */
		10FD5EF670BCF3A0F41BD403 /* [CP] Check Pods Manifest.lock */ = {
			isa = PBXShellScriptBuildPhase;
			buildActionMask = 2147483647;
			files = (
			);
			inputFileListPaths = (
			);
			inputPaths = (
				"${PODS_PODFILE_DIR_PATH}/Podfile.lock",
				"${PODS_ROOT}/Manifest.lock",
			);
			name = "[CP] Check Pods Manifest.lock";
			outputFileListPaths = (
			);
			outputPaths = (
				"$(DERIVED_FILE_DIR)/Pods-SlevomatCS-checkManifestLockResult.txt",
			);
			runOnlyForDeploymentPostprocessing = 0;
			shellPath = /bin/sh;
			shellScript = "diff \"${PODS_PODFILE_DIR_PATH}/Podfile.lock\" \"${PODS_ROOT}/Manifest.lock\" > /dev/null\nif [ $? != 0 ] ; then\n    # print error to STDERR\n    echo \"error: The sandbox is not in sync with the Podfile.lock. Run 'pod install' or update your CocoaPods installation.\" >&2\n    exit 1\nfi\n# This output is used by Xcode 'outputs' to avoid re-running this script phase.\necho \"SUCCESS\" > \"${SCRIPT_OUTPUT_FILE_0}\"\n";
			showEnvVarsInLog = 0;
		};
		326904BB95729A006B523938 /* [CP] Embed Pods Frameworks */ = {
			isa = PBXShellScriptBuildPhase;
			buildActionMask = 2147483647;
			files = (
			);
			inputFileListPaths = (
			);
			inputPaths = (
				"${PODS_ROOT}/Target Support Files/Pods-SlevomatCS/Pods-SlevomatCS-frameworks.sh",
				"${BUILT_PRODUCTS_DIR}/Alamofire/Alamofire.framework",
				"${BUILT_PRODUCTS_DIR}/Realm/Realm.framework",
				"${BUILT_PRODUCTS_DIR}/RealmSwift/RealmSwift.framework",
				"${PODS_ROOT}/Reveal-SDK/RevealServer-18/iOS/RevealServer.framework",
				"${BUILT_PRODUCTS_DIR}/SnapKit/SnapKit.framework",
			);
			name = "[CP] Embed Pods Frameworks";
			outputFileListPaths = (
			);
			outputPaths = (
				"${TARGET_BUILD_DIR}/${FRAMEWORKS_FOLDER_PATH}/Alamofire.framework",
				"${TARGET_BUILD_DIR}/${FRAMEWORKS_FOLDER_PATH}/Realm.framework",
				"${TARGET_BUILD_DIR}/${FRAMEWORKS_FOLDER_PATH}/RealmSwift.framework",
				"${TARGET_BUILD_DIR}/${FRAMEWORKS_FOLDER_PATH}/RevealServer.framework",
				"${TARGET_BUILD_DIR}/${FRAMEWORKS_FOLDER_PATH}/SnapKit.framework",
			);
			runOnlyForDeploymentPostprocessing = 0;
			shellPath = /bin/sh;
			shellScript = "\"${PODS_ROOT}/Target Support Files/Pods-SlevomatCS/Pods-SlevomatCS-frameworks.sh\"\n";
			showEnvVarsInLog = 0;
		};
/* End PBXShellScriptBuildPhase section */

/* Begin PBXSourcesBuildPhase section */
		931ADE6381375E0839FC0C55 /* Sources */ = {
			isa = PBXSourcesBuildPhase;
			buildActionMask = 2147483647;
			files = (
				931ADED7EE37231554676EAF /* AppDelegate.swift in Sources */,
				931ADA77F902AAECD740C3A3 /* Article.swift in Sources */,
				931ADF341678AE424C43F721 /* LocalDb.swift in Sources */,
				931AD6B2BAC1C967605035CC /* String+Log.swift in Sources */,
				931AD9CADABB0DD934F46284 /* LoaderInteractor.swift in Sources */,
				931AD152AA0F5D77700406EA /* FeedJson.swift in Sources */,
				931ADD1C9832E8089B28998A /* MainScreenRouter.swift in Sources */,
				931AD373A3C059C271578B24 /* MainScreenView.swift in Sources */,
				931ADC1262FE266FD4459C99 /* MainScreenPresenter.swift in Sources */,
				931AD675C6A359E4FDCAA891 /* MainScreenView+TableSource.swift in Sources */,
				931AD85FBE0DD95B548F0C23 /* MainScreenView+TableDelegate.swift in Sources */,
				931AD35D59CA33562FCD0530 /* MainScreenInteractor.swift in Sources */,
				931AD3FBC3556700EFE22229 /* LocalDb+Migrations.swift in Sources */,
				931AD9CDA8FD78BDF88133E6 /* UIImage+Resize.swift in Sources */,
				931ADD9501BBFF2F77F69ABC /* RoundingHelper.swift in Sources */,
				931AD8EE65CE4AED07A8EF94 /* UIScreen+Rounding.swift in Sources */,
				931AD77EF47429D06A5FE5A2 /* MainScreenView+Notifiy.swift in Sources */,
			);
			runOnlyForDeploymentPostprocessing = 0;
		};
/* End PBXSourcesBuildPhase section */

/* Begin PBXVariantGroup section */
		931AD4D33563A966FD9F1822 /* LaunchScreen.storyboard */ = {
			isa = PBXVariantGroup;
			children = (
				931AD288C4419BE2F43393E1 /* Base */,
			);
			name = LaunchScreen.storyboard;
			sourceTree = "<group>";
		};
/* End PBXVariantGroup section */

/* Begin XCBuildConfiguration section */
		931AD24CDB44C50DBB37D248 /* Debug */ = {
			isa = XCBuildConfiguration;
			buildSettings = {
				ALWAYS_SEARCH_USER_PATHS = NO;
				CLANG_ANALYZER_NONNULL = YES;
				CLANG_ANALYZER_NUMBER_OBJECT_CONVERSION = YES_AGGRESSIVE;
				CLANG_CXX_LANGUAGE_STANDARD = "gnu++14";
				CLANG_CXX_LIBRARY = "libc++";
				CLANG_ENABLE_MODULES = YES;
				CLANG_ENABLE_OBJC_ARC = YES;
				CLANG_ENABLE_OBJC_WEAK = YES;
				CLANG_WARN_BLOCK_CAPTURE_AUTORELEASING = YES;
				CLANG_WARN_BOOL_CONVERSION = YES;
				CLANG_WARN_COMMA = YES;
				CLANG_WARN_CONSTANT_CONVERSION = YES;
				CLANG_WARN_DEPRECATED_OBJC_IMPLEMENTATIONS = YES;
				CLANG_WARN_DIRECT_OBJC_ISA_USAGE = YES_ERROR;
				CLANG_WARN_DOCUMENTATION_COMMENTS = YES;
				CLANG_WARN_EMPTY_BODY = YES;
				CLANG_WARN_ENUM_CONVERSION = YES;
				CLANG_WARN_INFINITE_RECURSION = YES;
				CLANG_WARN_INT_CONVERSION = YES;
				CLANG_WARN_NON_LITERAL_NULL_CONVERSION = YES;
				CLANG_WARN_OBJC_IMPLICIT_RETAIN_SELF = YES;
				CLANG_WARN_OBJC_LITERAL_CONVERSION = YES;
				CLANG_WARN_OBJC_ROOT_CLASS = YES_ERROR;
				CLANG_WARN_RANGE_LOOP_ANALYSIS = YES;
				CLANG_WARN_STRICT_PROTOTYPES = YES;
				CLANG_WARN_SUSPICIOUS_MOVE = YES;
				CLANG_WARN_UNGUARDED_AVAILABILITY = YES_AGGRESSIVE;
				CLANG_WARN_UNREACHABLE_CODE = YES;
				CLANG_WARN__DUPLICATE_METHOD_MATCH = YES;
				CODE_SIGN_IDENTITY = "iPhone Developer";
				COPY_PHASE_STRIP = NO;
				DEBUG_INFORMATION_FORMAT = dwarf;
				ENABLE_STRICT_OBJC_MSGSEND = YES;
				ENABLE_TESTABILITY = YES;
				GCC_C_LANGUAGE_STANDARD = gnu11;
				GCC_DYNAMIC_NO_PIC = NO;
				GCC_NO_COMMON_BLOCKS = YES;
				GCC_OPTIMIZATION_LEVEL = 0;
				GCC_PREPROCESSOR_DEFINITIONS = (
					"DEBUG=1",
					"$(inherited)",
				);
				GCC_WARN_64_TO_32_BIT_CONVERSION = YES;
				GCC_WARN_ABOUT_RETURN_TYPE = YES_ERROR;
				GCC_WARN_UNDECLARED_SELECTOR = YES;
				GCC_WARN_UNINITIALIZED_AUTOS = YES_AGGRESSIVE;
				GCC_WARN_UNUSED_FUNCTION = YES;
				GCC_WARN_UNUSED_VARIABLE = YES;
				IPHONEOS_DEPLOYMENT_TARGET = 12.0;
				MTL_ENABLE_DEBUG_INFO = INCLUDE_SOURCE;
				MTL_FAST_MATH = YES;
				ONLY_ACTIVE_ARCH = YES;
				SDKROOT = iphoneos;
				SWIFT_ACTIVE_COMPILATION_CONDITIONS = DEBUG;
				SWIFT_OPTIMIZATION_LEVEL = "-Onone";
			};
			name = Debug;
		};
		931AD2A8EB05619C6E4DEE68 /* Release */ = {
			isa = XCBuildConfiguration;
			baseConfigurationReference = 41A54A344A27F1AA1AF2939B /* Pods-SlevomatCS.release.xcconfig */;
			buildSettings = {
				ASSETCATALOG_COMPILER_APPICON_NAME = AppIcon;
				DEVELOPMENT_TEAM = 8WS8N285FL;
				INFOPLIST_FILE = SlevomatCS/Info.plist;
				LD_RUNPATH_SEARCH_PATHS = (
					"$(inherited)",
					"@executable_path/Frameworks",
				);
				PRODUCT_BUNDLE_IDENTIFIER = eu.jkdev.SlevomatCS;
				PRODUCT_NAME = "$(TARGET_NAME)";
				SWIFT_VERSION = 4.2;
				TARGETED_DEVICE_FAMILY = 1;
			};
			name = Release;
		};
		931ADAC4D6FC585627BA2A9D /* Debug */ = {
			isa = XCBuildConfiguration;
			baseConfigurationReference = 5A9F9C9A41567B2060AA8B45 /* Pods-SlevomatCS.debug.xcconfig */;
			buildSettings = {
				ASSETCATALOG_COMPILER_APPICON_NAME = AppIcon;
				DEVELOPMENT_TEAM = 8WS8N285FL;
				INFOPLIST_FILE = SlevomatCS/Info.plist;
				LD_RUNPATH_SEARCH_PATHS = (
					"$(inherited)",
					"@executable_path/Frameworks",
				);
				PRODUCT_BUNDLE_IDENTIFIER = eu.jkdev.SlevomatCS;
				PRODUCT_NAME = "$(TARGET_NAME)";
				SWIFT_VERSION = 4.2;
				TARGETED_DEVICE_FAMILY = 1;
			};
			name = Debug;
		};
		931ADCFA8FF8C3BC96520B33 /* Release */ = {
			isa = XCBuildConfiguration;
			buildSettings = {
				ALWAYS_SEARCH_USER_PATHS = NO;
				CLANG_ANALYZER_NONNULL = YES;
				CLANG_ANALYZER_NUMBER_OBJECT_CONVERSION = YES_AGGRESSIVE;
				CLANG_CXX_LANGUAGE_STANDARD = "gnu++14";
				CLANG_CXX_LIBRARY = "libc++";
				CLANG_ENABLE_MODULES = YES;
				CLANG_ENABLE_OBJC_ARC = YES;
				CLANG_ENABLE_OBJC_WEAK = YES;
				CLANG_WARN_BLOCK_CAPTURE_AUTORELEASING = YES;
				CLANG_WARN_BOOL_CONVERSION = YES;
				CLANG_WARN_COMMA = YES;
				CLANG_WARN_CONSTANT_CONVERSION = YES;
				CLANG_WARN_DEPRECATED_OBJC_IMPLEMENTATIONS = YES;
				CLANG_WARN_DIRECT_OBJC_ISA_USAGE = YES_ERROR;
				CLANG_WARN_DOCUMENTATION_COMMENTS = YES;
				CLANG_WARN_EMPTY_BODY = YES;
				CLANG_WARN_ENUM_CONVERSION = YES;
				CLANG_WARN_INFINITE_RECURSION = YES;
				CLANG_WARN_INT_CONVERSION = YES;
				CLANG_WARN_NON_LITERAL_NULL_CONVERSION = YES;
				CLANG_WARN_OBJC_IMPLICIT_RETAIN_SELF = YES;
				CLANG_WARN_OBJC_LITERAL_CONVERSION = YES;
				CLANG_WARN_OBJC_ROOT_CLASS = YES_ERROR;
				CLANG_WARN_RANGE_LOOP_ANALYSIS = YES;
				CLANG_WARN_STRICT_PROTOTYPES = YES;
				CLANG_WARN_SUSPICIOUS_MOVE = YES;
				CLANG_WARN_UNGUARDED_AVAILABILITY = YES_AGGRESSIVE;
				CLANG_WARN_UNREACHABLE_CODE = YES;
				CLANG_WARN__DUPLICATE_METHOD_MATCH = YES;
				CODE_SIGN_IDENTITY = "iPhone Developer";
				COPY_PHASE_STRIP = NO;
				DEBUG_INFORMATION_FORMAT = "dwarf-with-dsym";
				ENABLE_NS_ASSERTIONS = NO;
				ENABLE_STRICT_OBJC_MSGSEND = YES;
				GCC_C_LANGUAGE_STANDARD = gnu11;
				GCC_NO_COMMON_BLOCKS = YES;
				GCC_WARN_64_TO_32_BIT_CONVERSION = YES;
				GCC_WARN_ABOUT_RETURN_TYPE = YES_ERROR;
				GCC_WARN_UNDECLARED_SELECTOR = YES;
				GCC_WARN_UNINITIALIZED_AUTOS = YES_AGGRESSIVE;
				GCC_WARN_UNUSED_FUNCTION = YES;
				GCC_WARN_UNUSED_VARIABLE = YES;
				IPHONEOS_DEPLOYMENT_TARGET = 12.0;
				MTL_ENABLE_DEBUG_INFO = NO;
				MTL_FAST_MATH = YES;
				SDKROOT = iphoneos;
				SWIFT_COMPILATION_MODE = wholemodule;
				SWIFT_OPTIMIZATION_LEVEL = "-O";
				VALIDATE_PRODUCT = YES;
			};
			name = Release;
		};
/* End XCBuildConfiguration section */

/* Begin XCConfigurationList section */
		931ADE14EE5BDC2CAAD2DAE8 /* Build configuration list for PBXProject "SlevomatCS" */ = {
			isa = XCConfigurationList;
			buildConfigurations = (
				931AD24CDB44C50DBB37D248 /* Debug */,
				931ADCFA8FF8C3BC96520B33 /* Release */,
			);
			defaultConfigurationIsVisible = 0;
			defaultConfigurationName = Release;
		};
		931ADEED706AE68C00D520D8 /* Build configuration list for PBXNativeTarget "SlevomatCS" */ = {
			isa = XCConfigurationList;
			buildConfigurations = (
				931ADAC4D6FC585627BA2A9D /* Debug */,
				931AD2A8EB05619C6E4DEE68 /* Release */,
			);
			defaultConfigurationIsVisible = 0;
			defaultConfigurationName = Release;
		};
/* End XCConfigurationList section */
	};
	rootObject = 931AD55968537078ACADD204 /* Project object */;
}
